
Microsoft Visual Studio Solution File, Format Version 12.00
# Visual Studio Version 17
VisualStudioVersion = 17.14.36310.24 d17.14
MinimumVisualStudioVersion = 10.0.40219.1
Project("{FAE04EC0-301F-11D3-BF4B-00C04F79EFBC}") = "chlebkokonsola", "chlebkokonsola.csproj", "{37AB398D-1138-4100-B901-E4C7607D1B39}"
EndProject
Global
	GlobalSection(SolutionConfigurationPlatforms) = preSolution
		Debug|Any CPU = Debug|Any CPU
		Release|Any CPU = Release|Any CPU
	EndGlobalSection
	GlobalSection(ProjectConfigurationPlatforms) = postSolution
		{37AB398D-1138-4100-B901-E4C7607D1B39}.Debug|Any CPU.ActiveCfg = Debug|Any CPU
		{37AB398D-1138-4100-B901-E4C7607D1B39}.Debug|Any CPU.Build.0 = Debug|Any CPU
		{37AB398D-1138-4100-B901-E4C7607D1B39}.Release|Any CPU.ActiveCfg = Release|Any CPU
		{37AB398D-1138-4100-B901-E4C7607D1B39}.Release|Any CPU.Build.0 = Release|Any CPU
	EndGlobalSection
	GlobalSection(SolutionProperties) = preSolution
		HideSolutionNode = FALSE
	EndGlobalSection
	GlobalSection(ExtensibilityGlobals) = postSolution
		SolutionGuid = {70053C79-9560-4DEE-BB35-0F0BFC647394}
	EndGlobalSection
EndGlobal
